
Microsoft Visual Studio Solution File, Format Version 12.00
# Visual Studio Version 16
VisualStudioVersion = 16.0.29306.81
MinimumVisualStudioVersion = 10.0.40219.1
Project("{FAE04EC0-301F-11D3-BF4B-00C04F79EFBC}") = "GF-macro", "GF-macro.csproj", "{98AC8099-7821-4E3A-B5FC-CFE5C9BF7FCE}"
EndProject
Global
	GlobalSection(SolutionConfigurationPlatforms) = preSolution
		Debug|Any CPU = Debug|Any CPU
		Release|Any CPU = Release|Any CPU
	EndGlobalSection
	GlobalSection(ProjectConfigurationPlatforms) = postSolution
		{98AC8099-7821-4E3A-B5FC-CFE5C9BF7FCE}.Debug|Any CPU.ActiveCfg = Debug|Any CPU
		{98AC8099-7821-4E3A-B5FC-CFE5C9BF7FCE}.Debug|Any CPU.Build.0 = Debug|Any CPU
		{98AC8099-7821-4E3A-B5FC-CFE5C9BF7FCE}.Release|Any CPU.ActiveCfg = Release|Any CPU
		{98AC8099-7821-4E3A-B5FC-CFE5C9BF7FCE}.Release|Any CPU.Build.0 = Release|Any CPU
	EndGlobalSection
	GlobalSection(SolutionProperties) = preSolution
		HideSolutionNode = FALSE
	EndGlobalSection
	GlobalSection(ExtensibilityGlobals) = postSolution
		SolutionGuid = {D769ADDA-C48F-48EC-B850-3BDD10A37ECD}
	EndGlobalSection
EndGlobal
